
Microsoft Visual Studio Solution File, Format Version 12.00
# Visual Studio Version 17
VisualStudioVersion = 17.0.31903.59
MinimumVisualStudioVersion = 10.0.40219.1
Project("{FAE04EC0-301F-11D3-BF4B-00C04F79EFBC}") = "MyFirstCIApp", "MyFirstCIApp\MyFirstCIApp.csproj", "{074EC7EB-707D-074B-2CC4-45D0C81EFD5A}"
EndProject
Project("{FAE04EC0-301F-11D3-BF4B-00C04F79EFBC}") = "MyFirstCIApp.Tests", "MyFirstCIApp.Tests\MyFirstCIApp.Tests.csproj", "{94E9B32A-0B24-DC09-620C-BF0D84F7511C}"
EndProject
Global
	GlobalSection(SolutionConfigurationPlatforms) = preSolution
		Debug|Any CPU = Debug|Any CPU
		Debug|x64 = Debug|x64
		Debug|x86 = Debug|x86
		Release|Any CPU = Release|Any CPU
		Release|x64 = Release|x64
		Release|x86 = Release|x86
	EndGlobalSection
	GlobalSection(ProjectConfigurationPlatforms) = postSolution
		{074EC7EB-707D-074B-2CC4-45D0C81EFD5A}.Debug|Any CPU.ActiveCfg = Debug|Any CPU
		{074EC7EB-707D-074B-2CC4-45D0C81EFD5A}.Debug|Any CPU.Build.0 = Debug|Any CPU
		{074EC7EB-707D-074B-2CC4-45D0C81EFD5A}.Debug|x64.ActiveCfg = Debug|Any CPU
		{074EC7EB-707D-074B-2CC4-45D0C81EFD5A}.Debug|x64.Build.0 = Debug|Any CPU
		{074EC7EB-707D-074B-2CC4-45D0C81EFD5A}.Debug|x86.ActiveCfg = Debug|Any CPU
		{074EC7EB-707D-074B-2CC4-45D0C81EFD5A}.Debug|x86.Build.0 = Debug|Any CPU
		{074EC7EB-707D-074B-2CC4-45D0C81EFD5A}.Release|Any CPU.ActiveCfg = Release|Any CPU
		{074EC7EB-707D-074B-2CC4-45D0C81EFD5A}.Release|Any CPU.Build.0 = Release|Any CPU
		{074EC7EB-707D-074B-2CC4-45D0C81EFD5A}.Release|x64.ActiveCfg = Release|Any CPU
		{074EC7EB-707D-074B-2CC4-45D0C81EFD5A}.Release|x64.Build.0 = Release|Any CPU
		{074EC7EB-707D-074B-2CC4-45D0C81EFD5A}.Release|x86.ActiveCfg = Release|Any CPU
		{074EC7EB-707D-074B-2CC4-45D0C81EFD5A}.Release|x86.Build.0 = Release|Any CPU
		{94E9B32A-0B24-DC09-620C-BF0D84F7511C}.Debug|Any CPU.ActiveCfg = Debug|Any CPU
		{94E9B32A-0B24-DC09-620C-BF0D84F7511C}.Debug|Any CPU.Build.0 = Debug|Any CPU
		{94E9B32A-0B24-DC09-620C-BF0D84F7511C}.Debug|x64.ActiveCfg = Debug|Any CPU
		{94E9B32A-0B24-DC09-620C-BF0D84F7511C}.Debug|x64.Build.0 = Debug|Any CPU
		{94E9B32A-0B24-DC09-620C-BF0D84F7511C}.Debug|x86.ActiveCfg = Debug|Any CPU
		{94E9B32A-0B24-DC09-620C-BF0D84F7511C}.Debug|x86.Build.0 = Debug|Any CPU
		{94E9B32A-0B24-DC09-620C-BF0D84F7511C}.Release|Any CPU.ActiveCfg = Release|Any CPU
		{94E9B32A-0B24-DC09-620C-BF0D84F7511C}.Release|Any CPU.Build.0 = Release|Any CPU
		{94E9B32A-0B24-DC09-620C-BF0D84F7511C}.Release|x64.ActiveCfg = Release|Any CPU
		{94E9B32A-0B24-DC09-620C-BF0D84F7511C}.Release|x64.Build.0 = Release|Any CPU
		{94E9B32A-0B24-DC09-620C-BF0D84F7511C}.Release|x86.ActiveCfg = Release|Any CPU
		{94E9B32A-0B24-DC09-620C-BF0D84F7511C}.Release|x86.Build.0 = Release|Any CPU
	EndGlobalSection
	GlobalSection(SolutionProperties) = preSolution
		HideSolutionNode = FALSE
	EndGlobalSection
	GlobalSection(ExtensibilityGlobals) = postSolution
		SolutionGuid = {ADEC3E65-CF7A-42C3-892E-957AA4C3CAEF}
	EndGlobalSection
EndGlobal
